// !$*UTF8*$!
{
	archiveVersion = 1;
	classes = {
	};
	objectVersion = 56;
	objects = {

/* Begin PBXBuildFile section */
		18C2F8662D84AF0D0066CA1E /* NutriSnap2App.swift in Sources */ = {isa = PBXBuildFile; fileRef = 18C2F8652D84AF0D0066CA1E /* NutriSnap2App.swift */; };
		18C2F8682D84AF0D0066CA1E /* ContentView.swift in Sources */ = {isa = PBXBuildFile; fileRef = 18C2F8672D84AF0D0066CA1E /* ContentView.swift */; };
		18C2F86A2D84AF0F0066CA1E /* Assets.xcassets in Resources */ = {isa = PBXBuildFile; fileRef = 18C2F8692D84AF0F0066CA1E /* Assets.xcassets */; };
		18C2F86D2D84AF0F0066CA1E /* Preview Assets.xcassets in Resources */ = {isa = PBXBuildFile; fileRef = 18C2F86C2D84AF0F0066CA1E /* Preview Assets.xcassets */; };
		18C2F8772D84AF0F0066CA1E /* NutriSnap2Tests.swift in Sources */ = {isa = PBXBuildFile; fileRef = 18C2F8762D84AF0F0066CA1E /* NutriSnap2Tests.swift */; };
		18C2F8812D84AF0F0066CA1E /* NutriSnap2UITests.swift in Sources */ = {isa = PBXBuildFile; fileRef = 18C2F8802D84AF0F0066CA1E /* NutriSnap2UITests.swift */; };
		18C2F8832D84AF0F0066CA1E /* NutriSnap2UITestsLaunchTests.swift in Sources */ = {isa = PBXBuildFile; fileRef = 18C2F8822D84AF0F0066CA1E /* NutriSnap2UITestsLaunchTests.swift */; };
		18C2F8AC2D84AF470066CA1E /* SignUpViewModel.swift in Sources */ = {isa = PBXBuildFile; fileRef = 18C2F8932D84AF470066CA1E /* SignUpViewModel.swift */; };
		18C2F8AD2D84AF470066CA1E /* MealEntryModel.swift in Sources */ = {isa = PBXBuildFile; fileRef = 18C2F8942D84AF470066CA1E /* MealEntryModel.swift */; };
		18C2F8AE2D84AF470066CA1E /* SignInViewModel.swift in Sources */ = {isa = PBXBuildFile; fileRef = 18C2F8952D84AF470066CA1E /* SignInViewModel.swift */; };
		18C2F8AF2D84AF470066CA1E /* NutritionGoalModel.swift in Sources */ = {isa = PBXBuildFile; fileRef = 18C2F8962D84AF470066CA1E /* NutritionGoalModel.swift */; };
		18C2F8B12D84AF470066CA1E /* DashboardView.swift in Sources */ = {isa = PBXBuildFile; fileRef = 18C2F89A2D84AF470066CA1E /* DashboardView.swift */; };
		18C2F8B22D84AF470066CA1E /* MealEntryView.swift in Sources */ = {isa = PBXBuildFile; fileRef = 18C2F89B2D84AF470066CA1E /* MealEntryView.swift */; };
		18C2F8B32D84AF470066CA1E /* ProfileView.swift in Sources */ = {isa = PBXBuildFile; fileRef = 18C2F89C2D84AF470066CA1E /* ProfileView.swift */; };
		18C2F8B42D84AF470066CA1E /* MealDetailView.swift in Sources */ = {isa = PBXBuildFile; fileRef = 18C2F89D2D84AF470066CA1E /* MealDetailView.swift */; };
		18C2F8B52D84AF470066CA1E /* ChangePasswordView.swift in Sources */ = {isa = PBXBuildFile; fileRef = 18C2F89E2D84AF470066CA1E /* ChangePasswordView.swift */; };
		18C2F8B62D84AF470066CA1E /* ImagePicker.swift in Sources */ = {isa = PBXBuildFile; fileRef = 18C2F89F2D84AF470066CA1E /* ImagePicker.swift */; };
		18C2F8B72D84AF470066CA1E /* EditPersonalInfoView.swift in Sources */ = {isa = PBXBuildFile; fileRef = 18C2F8A02D84AF470066CA1E /* EditPersonalInfoView.swift */; };
		18C2F8B82D84AF470066CA1E /* LogView.swift in Sources */ = {isa = PBXBuildFile; fileRef = 18C2F8A12D84AF470066CA1E /* LogView.swift */; };
		18C2F8B92D84AF470066CA1E /* SignInView.swift in Sources */ = {isa = PBXBuildFile; fileRef = 18C2F8A22D84AF470066CA1E /* SignInView.swift */; };
		18C2F8BA2D84AF470066CA1E /* EditCalorieGoalView.swift in Sources */ = {isa = PBXBuildFile; fileRef = 18C2F8A32D84AF470066CA1E /* EditCalorieGoalView.swift */; };
		18C2F8BB2D84AF470066CA1E /* FilterButton.swift in Sources */ = {isa = PBXBuildFile; fileRef = 18C2F8A42D84AF470066CA1E /* FilterButton.swift */; };
		18C2F8BC2D84AF470066CA1E /* MealCardView.swift in Sources */ = {isa = PBXBuildFile; fileRef = 18C2F8A52D84AF470066CA1E /* MealCardView.swift */; };
		18C2F8BD2D84AF470066CA1E /* MealListView.swift in Sources */ = {isa = PBXBuildFile; fileRef = 18C2F8A62D84AF470066CA1E /* MealListView.swift */; };
		18C2F8BF2D84AF470066CA1E /* SignUpView.swift in Sources */ = {isa = PBXBuildFile; fileRef = 18C2F8A82D84AF470066CA1E /* SignUpView.swift */; };
		18C2F8C22D84BD510066CA1E /* SplashScreenView.swift in Sources */ = {isa = PBXBuildFile; fileRef = 18C2F8C12D84BD510066CA1E /* SplashScreenView.swift */; };
		18C2F8C42D84BE640066CA1E /* RootContainerView.swift in Sources */ = {isa = PBXBuildFile; fileRef = 18C2F8C32D84BE640066CA1E /* RootContainerView.swift */; };
		C21322242D8752480039FFC0 /* UserModel.swift in Sources */ = {isa = PBXBuildFile; fileRef = C21322232D8752480039FFC0 /* UserModel.swift */; };
		C21322322D8754B70039FFC0 /* SecurityManager.swift in Sources */ = {isa = PBXBuildFile; fileRef = C213222F2D8754B70039FFC0 /* SecurityManager.swift */; };
		C21322342D8754F00039FFC0 /* PieChartView.swift in Sources */ = {isa = PBXBuildFile; fileRef = C21322332D8754F00039FFC0 /* PieChartView.swift */; };
		C27F8E752D892EA800BDCDE0 /* GoogleService-Info.plist in Resources */ = {isa = PBXBuildFile; fileRef = C27F8E742D892EA800BDCDE0 /* GoogleService-Info.plist */; };
		C27F8E782D8932A900BDCDE0 /* FirebaseAnalytics in Frameworks */ = {isa = PBXBuildFile; productRef = C27F8E772D8932A900BDCDE0 /* FirebaseAnalytics */; };
		C27F8E7A2D8932A900BDCDE0 /* FirebaseAppCheck in Frameworks */ = {isa = PBXBuildFile; productRef = C27F8E792D8932A900BDCDE0 /* FirebaseAppCheck */; };
		C6A73D592D88BF160059AAD6 /* RealmSwift in Frameworks */ = {isa = PBXBuildFile; productRef = C6A73D582D88BF160059AAD6 /* RealmSwift */; };
		C6A73D5B2D88C27B0059AAD6 /* RealmDBManager.swift in Sources */ = {isa = PBXBuildFile; fileRef = C6A73D5A2D88C27B0059AAD6 /* RealmDBManager.swift */; };
/* End PBXBuildFile section */

/* Begin PBXContainerItemProxy section */
		18C2F8732D84AF0F0066CA1E /* PBXContainerItemProxy */ = {
			isa = PBXContainerItemProxy;
			containerPortal = 18C2F85A2D84AF0D0066CA1E /* Project object */;
			proxyType = 1;
			remoteGlobalIDString = 18C2F8612D84AF0D0066CA1E;
			remoteInfo = NutriSnap2;
		};
		18C2F87D2D84AF0F0066CA1E /* PBXContainerItemProxy */ = {
			isa = PBXContainerItemProxy;
			containerPortal = 18C2F85A2D84AF0D0066CA1E /* Project object */;
			proxyType = 1;
			remoteGlobalIDString = 18C2F8612D84AF0D0066CA1E;
			remoteInfo = NutriSnap2;
		};
/* End PBXContainerItemProxy section */

/* Begin PBXFileReference section */
		18C2F8622D84AF0D0066CA1E /* NutriSnap2.app */ = {isa = PBXFileReference; explicitFileType = wrapper.application; includeInIndex = 0; path = NutriSnap2.app; sourceTree = BUILT_PRODUCTS_DIR; };
		18C2F8652D84AF0D0066CA1E /* NutriSnap2App.swift */ = {isa = PBXFileReference; lastKnownFileType = sourcecode.swift; path = NutriSnap2App.swift; sourceTree = "<group>"; };
		18C2F8672D84AF0D0066CA1E /* ContentView.swift */ = {isa = PBXFileReference; lastKnownFileType = sourcecode.swift; path = ContentView.swift; sourceTree = "<group>"; };
		18C2F8692D84AF0F0066CA1E /* Assets.xcassets */ = {isa = PBXFileReference; lastKnownFileType = folder.assetcatalog; path = Assets.xcassets; sourceTree = "<group>"; };
		18C2F86C2D84AF0F0066CA1E /* Preview Assets.xcassets */ = {isa = PBXFileReference; lastKnownFileType = folder.assetcatalog; path = "Preview Assets.xcassets"; sourceTree = "<group>"; };
		18C2F8722D84AF0F0066CA1E /* NutriSnap2Tests.xctest */ = {isa = PBXFileReference; explicitFileType = wrapper.cfbundle; includeInIndex = 0; path = NutriSnap2Tests.xctest; sourceTree = BUILT_PRODUCTS_DIR; };
		18C2F8762D84AF0F0066CA1E /* NutriSnap2Tests.swift */ = {isa = PBXFileReference; lastKnownFileType = sourcecode.swift; path = NutriSnap2Tests.swift; sourceTree = "<group>"; };
		18C2F87C2D84AF0F0066CA1E /* NutriSnap2UITests.xctest */ = {isa = PBXFileReference; explicitFileType = wrapper.cfbundle; includeInIndex = 0; path = NutriSnap2UITests.xctest; sourceTree = BUILT_PRODUCTS_DIR; };
		18C2F8802D84AF0F0066CA1E /* NutriSnap2UITests.swift */ = {isa = PBXFileReference; lastKnownFileType = sourcecode.swift; path = NutriSnap2UITests.swift; sourceTree = "<group>"; };
		18C2F8822D84AF0F0066CA1E /* NutriSnap2UITestsLaunchTests.swift */ = {isa = PBXFileReference; lastKnownFileType = sourcecode.swift; path = NutriSnap2UITestsLaunchTests.swift; sourceTree = "<group>"; };
		18C2F8932D84AF470066CA1E /* SignUpViewModel.swift */ = {isa = PBXFileReference; fileEncoding = 4; lastKnownFileType = sourcecode.swift; path = SignUpViewModel.swift; sourceTree = "<group>"; };
		18C2F8942D84AF470066CA1E /* MealEntryModel.swift */ = {isa = PBXFileReference; fileEncoding = 4; lastKnownFileType = sourcecode.swift; path = MealEntryModel.swift; sourceTree = "<group>"; };
		18C2F8952D84AF470066CA1E /* SignInViewModel.swift */ = {isa = PBXFileReference; fileEncoding = 4; lastKnownFileType = sourcecode.swift; path = SignInViewModel.swift; sourceTree = "<group>"; };
		18C2F8962D84AF470066CA1E /* NutritionGoalModel.swift */ = {isa = PBXFileReference; fileEncoding = 4; lastKnownFileType = sourcecode.swift; path = NutritionGoalModel.swift; sourceTree = "<group>"; };
		18C2F89A2D84AF470066CA1E /* DashboardView.swift */ = {isa = PBXFileReference; fileEncoding = 4; lastKnownFileType = sourcecode.swift; path = DashboardView.swift; sourceTree = "<group>"; };
		18C2F89B2D84AF470066CA1E /* MealEntryView.swift */ = {isa = PBXFileReference; fileEncoding = 4; lastKnownFileType = sourcecode.swift; path = MealEntryView.swift; sourceTree = "<group>"; };
		18C2F89C2D84AF470066CA1E /* ProfileView.swift */ = {isa = PBXFileReference; fileEncoding = 4; lastKnownFileType = sourcecode.swift; path = ProfileView.swift; sourceTree = "<group>"; };
		18C2F89D2D84AF470066CA1E /* MealDetailView.swift */ = {isa = PBXFileReference; fileEncoding = 4; lastKnownFileType = sourcecode.swift; path = MealDetailView.swift; sourceTree = "<group>"; };
		18C2F89E2D84AF470066CA1E /* ChangePasswordView.swift */ = {isa = PBXFileReference; fileEncoding = 4; lastKnownFileType = sourcecode.swift; path = ChangePasswordView.swift; sourceTree = "<group>"; };
		18C2F89F2D84AF470066CA1E /* ImagePicker.swift */ = {isa = PBXFileReference; fileEncoding = 4; lastKnownFileType = sourcecode.swift; path = ImagePicker.swift; sourceTree = "<group>"; };
		18C2F8A02D84AF470066CA1E /* EditPersonalInfoView.swift */ = {isa = PBXFileReference; fileEncoding = 4; lastKnownFileType = sourcecode.swift; path = EditPersonalInfoView.swift; sourceTree = "<group>"; };
		18C2F8A12D84AF470066CA1E /* LogView.swift */ = {isa = PBXFileReference; fileEncoding = 4; lastKnownFileType = sourcecode.swift; path = LogView.swift; sourceTree = "<group>"; };
		18C2F8A22D84AF470066CA1E /* SignInView.swift */ = {isa = PBXFileReference; fileEncoding = 4; lastKnownFileType = sourcecode.swift; path = SignInView.swift; sourceTree = "<group>"; };
		18C2F8A32D84AF470066CA1E /* EditCalorieGoalView.swift */ = {isa = PBXFileReference; fileEncoding = 4; lastKnownFileType = sourcecode.swift; path = EditCalorieGoalView.swift; sourceTree = "<group>"; };
		18C2F8A42D84AF470066CA1E /* FilterButton.swift */ = {isa = PBXFileReference; fileEncoding = 4; lastKnownFileType = sourcecode.swift; path = FilterButton.swift; sourceTree = "<group>"; };
		18C2F8A52D84AF470066CA1E /* MealCardView.swift */ = {isa = PBXFileReference; fileEncoding = 4; lastKnownFileType = sourcecode.swift; path = MealCardView.swift; sourceTree = "<group>"; };
		18C2F8A62D84AF470066CA1E /* MealListView.swift */ = {isa = PBXFileReference; fileEncoding = 4; lastKnownFileType = sourcecode.swift; path = MealListView.swift; sourceTree = "<group>"; };
		18C2F8A82D84AF470066CA1E /* SignUpView.swift */ = {isa = PBXFileReference; fileEncoding = 4; lastKnownFileType = sourcecode.swift; path = SignUpView.swift; sourceTree = "<group>"; };
		18C2F8C12D84BD510066CA1E /* SplashScreenView.swift */ = {isa = PBXFileReference; lastKnownFileType = sourcecode.swift; path = SplashScreenView.swift; sourceTree = "<group>"; };
		18C2F8C32D84BE640066CA1E /* RootContainerView.swift */ = {isa = PBXFileReference; lastKnownFileType = sourcecode.swift; path = RootContainerView.swift; sourceTree = "<group>"; };
		C21322232D8752480039FFC0 /* UserModel.swift */ = {isa = PBXFileReference; lastKnownFileType = sourcecode.swift; path = UserModel.swift; sourceTree = "<group>"; };
		C213222F2D8754B70039FFC0 /* SecurityManager.swift */ = {isa = PBXFileReference; fileEncoding = 4; lastKnownFileType = sourcecode.swift; path = SecurityManager.swift; sourceTree = "<group>"; };
		C21322332D8754F00039FFC0 /* PieChartView.swift */ = {isa = PBXFileReference; fileEncoding = 4; lastKnownFileType = sourcecode.swift; path = PieChartView.swift; sourceTree = "<group>"; };
		C27F8E742D892EA800BDCDE0 /* GoogleService-Info.plist */ = {isa = PBXFileReference; fileEncoding = 4; lastKnownFileType = text.plist.xml; path = "GoogleService-Info.plist"; sourceTree = SOURCE_ROOT; };
		C6A73D5A2D88C27B0059AAD6 /* RealmDBManager.swift */ = {isa = PBXFileReference; fileEncoding = 4; lastKnownFileType = sourcecode.swift; path = RealmDBManager.swift; sourceTree = "<group>"; };
/* End PBXFileReference section */

/* Begin PBXFrameworksBuildPhase section */
		18C2F85F2D84AF0D0066CA1E /* Frameworks */ = {
			isa = PBXFrameworksBuildPhase;
			buildActionMask = 2147483647;
			files = (
				C27F8E782D8932A900BDCDE0 /* FirebaseAnalytics in Frameworks */,
				C27F8E7A2D8932A900BDCDE0 /* FirebaseAppCheck in Frameworks */,
				C6A73D592D88BF160059AAD6 /* RealmSwift in Frameworks */,
			);
			runOnlyForDeploymentPostprocessing = 0;
		};
		18C2F86F2D84AF0F0066CA1E /* Frameworks */ = {
			isa = PBXFrameworksBuildPhase;
			buildActionMask = 2147483647;
			files = (
			);
			runOnlyForDeploymentPostprocessing = 0;
		};
		18C2F8792D84AF0F0066CA1E /* Frameworks */ = {
			isa = PBXFrameworksBuildPhase;
			buildActionMask = 2147483647;
			files = (
			);
			runOnlyForDeploymentPostprocessing = 0;
		};
/* End PBXFrameworksBuildPhase section */

/* Begin PBXGroup section */
		18C2F8592D84AF0D0066CA1E = {
			isa = PBXGroup;
			children = (
				18C2F8642D84AF0D0066CA1E /* NutriSnap2 */,
				18C2F8752D84AF0F0066CA1E /* NutriSnap2Tests */,
				18C2F87F2D84AF0F0066CA1E /* NutriSnap2UITests */,
				18C2F8632D84AF0D0066CA1E /* Products */,
			);
			sourceTree = "<group>";
		};
		18C2F8632D84AF0D0066CA1E /* Products */ = {
			isa = PBXGroup;
			children = (
				18C2F8622D84AF0D0066CA1E /* NutriSnap2.app */,
				18C2F8722D84AF0F0066CA1E /* NutriSnap2Tests.xctest */,
				18C2F87C2D84AF0F0066CA1E /* NutriSnap2UITests.xctest */,
			);
			name = Products;
			sourceTree = "<group>";
		};
		18C2F8642D84AF0D0066CA1E /* NutriSnap2 */ = {
			isa = PBXGroup;
			children = (
				C27F8E742D892EA800BDCDE0 /* GoogleService-Info.plist */,
				C21322302D8754B70039FFC0 /* Services */,
				18C2F8652D84AF0D0066CA1E /* NutriSnap2App.swift */,
				18C2F8672D84AF0D0066CA1E /* ContentView.swift */,
				18C2F8692D84AF0F0066CA1E /* Assets.xcassets */,
				18C2F8992D84AF470066CA1E /* Views */,
				18C2F8922D84AF470066CA1E /* Models */,
				18C2F86B2D84AF0F0066CA1E /* Preview Content */,
			);
			path = NutriSnap2;
			sourceTree = "<group>";
		};
		18C2F86B2D84AF0F0066CA1E /* Preview Content */ = {
			isa = PBXGroup;
			children = (
				18C2F86C2D84AF0F0066CA1E /* Preview Assets.xcassets */,
			);
			path = "Preview Content";
			sourceTree = "<group>";
		};
		18C2F8752D84AF0F0066CA1E /* NutriSnap2Tests */ = {
			isa = PBXGroup;
			children = (
				18C2F8762D84AF0F0066CA1E /* NutriSnap2Tests.swift */,
			);
			path = NutriSnap2Tests;
			sourceTree = "<group>";
		};
		18C2F87F2D84AF0F0066CA1E /* NutriSnap2UITests */ = {
			isa = PBXGroup;
			children = (
				18C2F8802D84AF0F0066CA1E /* NutriSnap2UITests.swift */,
				18C2F8822D84AF0F0066CA1E /* NutriSnap2UITestsLaunchTests.swift */,
			);
			path = NutriSnap2UITests;
			sourceTree = "<group>";
		};
		18C2F8922D84AF470066CA1E /* Models */ = {
			isa = PBXGroup;
			children = (
				C21322232D8752480039FFC0 /* UserModel.swift */,
				18C2F8932D84AF470066CA1E /* SignUpViewModel.swift */,
				18C2F8942D84AF470066CA1E /* MealEntryModel.swift */,
				18C2F8952D84AF470066CA1E /* SignInViewModel.swift */,
				18C2F8962D84AF470066CA1E /* NutritionGoalModel.swift */,
			);
			path = Models;
			sourceTree = "<group>";
		};
		18C2F8992D84AF470066CA1E /* Views */ = {
			isa = PBXGroup;
			children = (
				C21322332D8754F00039FFC0 /* PieChartView.swift */,
				18C2F89A2D84AF470066CA1E /* DashboardView.swift */,
				18C2F89B2D84AF470066CA1E /* MealEntryView.swift */,
				18C2F89C2D84AF470066CA1E /* ProfileView.swift */,
				18C2F89D2D84AF470066CA1E /* MealDetailView.swift */,
				18C2F89E2D84AF470066CA1E /* ChangePasswordView.swift */,
				18C2F89F2D84AF470066CA1E /* ImagePicker.swift */,
				18C2F8A02D84AF470066CA1E /* EditPersonalInfoView.swift */,
				18C2F8A12D84AF470066CA1E /* LogView.swift */,
				18C2F8A22D84AF470066CA1E /* SignInView.swift */,
				18C2F8A32D84AF470066CA1E /* EditCalorieGoalView.swift */,
				18C2F8A42D84AF470066CA1E /* FilterButton.swift */,
				18C2F8A52D84AF470066CA1E /* MealCardView.swift */,
				18C2F8A62D84AF470066CA1E /* MealListView.swift */,
				18C2F8A82D84AF470066CA1E /* SignUpView.swift */,
				18C2F8C12D84BD510066CA1E /* SplashScreenView.swift */,
				18C2F8C32D84BE640066CA1E /* RootContainerView.swift */,
			);
			path = Views;
			sourceTree = "<group>";
		};
		C21322302D8754B70039FFC0 /* Services */ = {
			isa = PBXGroup;
			children = (
				C213222F2D8754B70039FFC0 /* SecurityManager.swift */,
				C6A73D5A2D88C27B0059AAD6 /* RealmDBManager.swift */,
			);
			path = Services;
			sourceTree = "<group>";
		};
/* End PBXGroup section */

/* Begin PBXNativeTarget section */
		18C2F8612D84AF0D0066CA1E /* NutriSnap2 */ = {
			isa = PBXNativeTarget;
			buildConfigurationList = 18C2F8862D84AF0F0066CA1E /* Build configuration list for PBXNativeTarget "NutriSnap2" */;
			buildPhases = (
				18C2F85E2D84AF0D0066CA1E /* Sources */,
				18C2F85F2D84AF0D0066CA1E /* Frameworks */,
				18C2F8602D84AF0D0066CA1E /* Resources */,
			);
			buildRules = (
			);
			dependencies = (
			);
			name = NutriSnap2;
			packageProductDependencies = (
				C6A73D582D88BF160059AAD6 /* RealmSwift */,
				C27F8E772D8932A900BDCDE0 /* FirebaseAnalytics */,
				C27F8E792D8932A900BDCDE0 /* FirebaseAppCheck */,
			);
			productName = NutriSnap2;
			productReference = 18C2F8622D84AF0D0066CA1E /* NutriSnap2.app */;
			productType = "com.apple.product-type.application";
		};
		18C2F8712D84AF0F0066CA1E /* NutriSnap2Tests */ = {
			isa = PBXNativeTarget;
			buildConfigurationList = 18C2F8892D84AF0F0066CA1E /* Build configuration list for PBXNativeTarget "NutriSnap2Tests" */;
			buildPhases = (
				18C2F86E2D84AF0F0066CA1E /* Sources */,
				18C2F86F2D84AF0F0066CA1E /* Frameworks */,
				18C2F8702D84AF0F0066CA1E /* Resources */,
			);
			buildRules = (
			);
			dependencies = (
				18C2F8742D84AF0F0066CA1E /* PBXTargetDependency */,
			);
			name = NutriSnap2Tests;
			productName = NutriSnap2Tests;
			productReference = 18C2F8722D84AF0F0066CA1E /* NutriSnap2Tests.xctest */;
			productType = "com.apple.product-type.bundle.unit-test";
		};
		18C2F87B2D84AF0F0066CA1E /* NutriSnap2UITests */ = {
			isa = PBXNativeTarget;
			buildConfigurationList = 18C2F88C2D84AF0F0066CA1E /* Build configuration list for PBXNativeTarget "NutriSnap2UITests" */;
			buildPhases = (
				18C2F8782D84AF0F0066CA1E /* Sources */,
				18C2F8792D84AF0F0066CA1E /* Frameworks */,
				18C2F87A2D84AF0F0066CA1E /* Resources */,
			);
			buildRules = (
			);
			dependencies = (
				18C2F87E2D84AF0F0066CA1E /* PBXTargetDependency */,
			);
			name = NutriSnap2UITests;
			productName = NutriSnap2UITests;
			productReference = 18C2F87C2D84AF0F0066CA1E /* NutriSnap2UITests.xctest */;
			productType = "com.apple.product-type.bundle.ui-testing";
		};
/* End PBXNativeTarget section */

/* Begin PBXProject section */
		18C2F85A2D84AF0D0066CA1E /* Project object */ = {
			isa = PBXProject;
			attributes = {
				BuildIndependentTargetsInParallel = 1;
				LastSwiftUpdateCheck = 1420;
				LastUpgradeCheck = 1420;
				TargetAttributes = {
					18C2F8612D84AF0D0066CA1E = {
						CreatedOnToolsVersion = 14.2;
					};
					18C2F8712D84AF0F0066CA1E = {
						CreatedOnToolsVersion = 14.2;
						TestTargetID = 18C2F8612D84AF0D0066CA1E;
					};
					18C2F87B2D84AF0F0066CA1E = {
						CreatedOnToolsVersion = 14.2;
						TestTargetID = 18C2F8612D84AF0D0066CA1E;
					};
				};
			};
			buildConfigurationList = 18C2F85D2D84AF0D0066CA1E /* Build configuration list for PBXProject "NutriSnap2" */;
			compatibilityVersion = "Xcode 14.0";
			developmentRegion = en;
			hasScannedForEncodings = 0;
			knownRegions = (
				en,
				Base,
			);
			mainGroup = 18C2F8592D84AF0D0066CA1E;
			packageReferences = (
				C6A73D572D88BF160059AAD6 /* XCRemoteSwiftPackageReference "realm-swift" */,
				C27F8E762D8932A900BDCDE0 /* XCRemoteSwiftPackageReference "firebase-ios-sdk" */,
			);
			productRefGroup = 18C2F8632D84AF0D0066CA1E /* Products */;
			projectDirPath = "";
			projectRoot = "";
			targets = (
				18C2F8612D84AF0D0066CA1E /* NutriSnap2 */,
				18C2F8712D84AF0F0066CA1E /* NutriSnap2Tests */,
				18C2F87B2D84AF0F0066CA1E /* NutriSnap2UITests */,
			);
		};
/* End PBXProject section */

/* Begin PBXResourcesBuildPhase section */
		18C2F8602D84AF0D0066CA1E /* Resources */ = {
			isa = PBXResourcesBuildPhase;
			buildActionMask = 2147483647;
			files = (
				18C2F86D2D84AF0F0066CA1E /* Preview Assets.xcassets in Resources */,
				18C2F86A2D84AF0F0066CA1E /* Assets.xcassets in Resources */,
				C27F8E752D892EA800BDCDE0 /* GoogleService-Info.plist in Resources */,
			);
			runOnlyForDeploymentPostprocessing = 0;
		};
		18C2F8702D84AF0F0066CA1E /* Resources */ = {
			isa = PBXResourcesBuildPhase;
			buildActionMask = 2147483647;
			files = (
			);
			runOnlyForDeploymentPostprocessing = 0;
		};
		18C2F87A2D84AF0F0066CA1E /* Resources */ = {
			isa = PBXResourcesBuildPhase;
			buildActionMask = 2147483647;
			files = (
			);
			runOnlyForDeploymentPostprocessing = 0;
		};
/* End PBXResourcesBuildPhase section */

/* Begin PBXSourcesBuildPhase section */
		18C2F85E2D84AF0D0066CA1E /* Sources */ = {
			isa = PBXSourcesBuildPhase;
			buildActionMask = 2147483647;
			files = (
				C21322242D8752480039FFC0 /* UserModel.swift in Sources */,
				18C2F8B62D84AF470066CA1E /* ImagePicker.swift in Sources */,
				C21322342D8754F00039FFC0 /* PieChartView.swift in Sources */,
				18C2F8BB2D84AF470066CA1E /* FilterButton.swift in Sources */,
				18C2F8C42D84BE640066CA1E /* RootContainerView.swift in Sources */,
				18C2F8B22D84AF470066CA1E /* MealEntryView.swift in Sources */,
				18C2F8682D84AF0D0066CA1E /* ContentView.swift in Sources */,
				18C2F8B32D84AF470066CA1E /* ProfileView.swift in Sources */,
				18C2F8B42D84AF470066CA1E /* MealDetailView.swift in Sources */,
				18C2F8BC2D84AF470066CA1E /* MealCardView.swift in Sources */,
				C21322322D8754B70039FFC0 /* SecurityManager.swift in Sources */,
				18C2F8B12D84AF470066CA1E /* DashboardView.swift in Sources */,
				18C2F8BA2D84AF470066CA1E /* EditCalorieGoalView.swift in Sources */,
				18C2F8AF2D84AF470066CA1E /* NutritionGoalModel.swift in Sources */,
				18C2F8B52D84AF470066CA1E /* ChangePasswordView.swift in Sources */,
				18C2F8AE2D84AF470066CA1E /* SignInViewModel.swift in Sources */,
				18C2F8AD2D84AF470066CA1E /* MealEntryModel.swift in Sources */,
				18C2F8AC2D84AF470066CA1E /* SignUpViewModel.swift in Sources */,
				18C2F8C22D84BD510066CA1E /* SplashScreenView.swift in Sources */,
				C6A73D5B2D88C27B0059AAD6 /* RealmDBManager.swift in Sources */,
				18C2F8BF2D84AF470066CA1E /* SignUpView.swift in Sources */,
				18C2F8B72D84AF470066CA1E /* EditPersonalInfoView.swift in Sources */,
				18C2F8B82D84AF470066CA1E /* LogView.swift in Sources */,
				18C2F8B92D84AF470066CA1E /* SignInView.swift in Sources */,
				18C2F8662D84AF0D0066CA1E /* NutriSnap2App.swift in Sources */,
				18C2F8BD2D84AF470066CA1E /* MealListView.swift in Sources */,
			);
			runOnlyForDeploymentPostprocessing = 0;
		};
		18C2F86E2D84AF0F0066CA1E /* Sources */ = {
			isa = PBXSourcesBuildPhase;
			buildActionMask = 2147483647;
			files = (
				18C2F8772D84AF0F0066CA1E /* NutriSnap2Tests.swift in Sources */,
			);
			runOnlyForDeploymentPostprocessing = 0;
		};
		18C2F8782D84AF0F0066CA1E /* Sources */ = {
			isa = PBXSourcesBuildPhase;
			buildActionMask = 2147483647;
			files = (
				18C2F8832D84AF0F0066CA1E /* NutriSnap2UITestsLaunchTests.swift in Sources */,
				18C2F8812D84AF0F0066CA1E /* NutriSnap2UITests.swift in Sources */,
			);
			runOnlyForDeploymentPostprocessing = 0;
		};
/* End PBXSourcesBuildPhase section */

/* Begin PBXTargetDependency section */
		18C2F8742D84AF0F0066CA1E /* PBXTargetDependency */ = {
			isa = PBXTargetDependency;
			target = 18C2F8612D84AF0D0066CA1E /* NutriSnap2 */;
			targetProxy = 18C2F8732D84AF0F0066CA1E /* PBXContainerItemProxy */;
		};
		18C2F87E2D84AF0F0066CA1E /* PBXTargetDependency */ = {
			isa = PBXTargetDependency;
			target = 18C2F8612D84AF0D0066CA1E /* NutriSnap2 */;
			targetProxy = 18C2F87D2D84AF0F0066CA1E /* PBXContainerItemProxy */;
		};
/* End PBXTargetDependency section */

/* Begin XCBuildConfiguration section */
		18C2F8842D84AF0F0066CA1E /* Debug */ = {
			isa = XCBuildConfiguration;
			buildSettings = {
				ALWAYS_SEARCH_USER_PATHS = NO;
				CLANG_ANALYZER_NONNULL = YES;
				CLANG_ANALYZER_NUMBER_OBJECT_CONVERSION = YES_AGGRESSIVE;
				CLANG_CXX_LANGUAGE_STANDARD = "gnu++20";
				CLANG_ENABLE_MODULES = YES;
				CLANG_ENABLE_OBJC_ARC = YES;
				CLANG_ENABLE_OBJC_WEAK = YES;
				CLANG_WARN_BLOCK_CAPTURE_AUTORELEASING = YES;
				CLANG_WARN_BOOL_CONVERSION = YES;
				CLANG_WARN_COMMA = YES;
				CLANG_WARN_CONSTANT_CONVERSION = YES;
				CLANG_WARN_DEPRECATED_OBJC_IMPLEMENTATIONS = YES;
				CLANG_WARN_DIRECT_OBJC_ISA_USAGE = YES_ERROR;
				CLANG_WARN_DOCUMENTATION_COMMENTS = YES;
				CLANG_WARN_EMPTY_BODY = YES;
				CLANG_WARN_ENUM_CONVERSION = YES;
				CLANG_WARN_INFINITE_RECURSION = YES;
				CLANG_WARN_INT_CONVERSION = YES;
				CLANG_WARN_NON_LITERAL_NULL_CONVERSION = YES;
				CLANG_WARN_OBJC_IMPLICIT_RETAIN_SELF = YES;
				CLANG_WARN_OBJC_LITERAL_CONVERSION = YES;
				CLANG_WARN_OBJC_ROOT_CLASS = YES_ERROR;
				CLANG_WARN_QUOTED_INCLUDE_IN_FRAMEWORK_HEADER = YES;
				CLANG_WARN_RANGE_LOOP_ANALYSIS = YES;
				CLANG_WARN_STRICT_PROTOTYPES = YES;
				CLANG_WARN_SUSPICIOUS_MOVE = YES;
				CLANG_WARN_UNGUARDED_AVAILABILITY = YES_AGGRESSIVE;
				CLANG_WARN_UNREACHABLE_CODE = YES;
				CLANG_WARN__DUPLICATE_METHOD_MATCH = YES;
				COPY_PHASE_STRIP = NO;
				DEBUG_INFORMATION_FORMAT = dwarf;
				ENABLE_STRICT_OBJC_MSGSEND = YES;
				ENABLE_TESTABILITY = YES;
				GCC_C_LANGUAGE_STANDARD = gnu11;
				GCC_DYNAMIC_NO_PIC = NO;
				GCC_NO_COMMON_BLOCKS = YES;
				GCC_OPTIMIZATION_LEVEL = 0;
				GCC_PREPROCESSOR_DEFINITIONS = (
					"DEBUG=1",
					"$(inherited)",
				);
				GCC_WARN_64_TO_32_BIT_CONVERSION = YES;
				GCC_WARN_ABOUT_RETURN_TYPE = YES_ERROR;
				GCC_WARN_UNDECLARED_SELECTOR = YES;
				GCC_WARN_UNINITIALIZED_AUTOS = YES_AGGRESSIVE;
				GCC_WARN_UNUSED_FUNCTION = YES;
				GCC_WARN_UNUSED_VARIABLE = YES;
				IPHONEOS_DEPLOYMENT_TARGET = 16.2;
				MTL_ENABLE_DEBUG_INFO = INCLUDE_SOURCE;
				MTL_FAST_MATH = YES;
				ONLY_ACTIVE_ARCH = YES;
				SDKROOT = iphoneos;
				SWIFT_ACTIVE_COMPILATION_CONDITIONS = DEBUG;
				SWIFT_OPTIMIZATION_LEVEL = "-Onone";
			};
			name = Debug;
		};
		18C2F8852D84AF0F0066CA1E /* Release */ = {
			isa = XCBuildConfiguration;
			buildSettings = {
				ALWAYS_SEARCH_USER_PATHS = NO;
				CLANG_ANALYZER_NONNULL = YES;
				CLANG_ANALYZER_NUMBER_OBJECT_CONVERSION = YES_AGGRESSIVE;
				CLANG_CXX_LANGUAGE_STANDARD = "gnu++20";
				CLANG_ENABLE_MODULES = YES;
				CLANG_ENABLE_OBJC_ARC = YES;
				CLANG_ENABLE_OBJC_WEAK = YES;
				CLANG_WARN_BLOCK_CAPTURE_AUTORELEASING = YES;
				CLANG_WARN_BOOL_CONVERSION = YES;
				CLANG_WARN_COMMA = YES;
				CLANG_WARN_CONSTANT_CONVERSION = YES;
				CLANG_WARN_DEPRECATED_OBJC_IMPLEMENTATIONS = YES;
				CLANG_WARN_DIRECT_OBJC_ISA_USAGE = YES_ERROR;
				CLANG_WARN_DOCUMENTATION_COMMENTS = YES;
				CLANG_WARN_EMPTY_BODY = YES;
				CLANG_WARN_ENUM_CONVERSION = YES;
				CLANG_WARN_INFINITE_RECURSION = YES;
				CLANG_WARN_INT_CONVERSION = YES;
				CLANG_WARN_NON_LITERAL_NULL_CONVERSION = YES;
				CLANG_WARN_OBJC_IMPLICIT_RETAIN_SELF = YES;
				CLANG_WARN_OBJC_LITERAL_CONVERSION = YES;
				CLANG_WARN_OBJC_ROOT_CLASS = YES_ERROR;
				CLANG_WARN_QUOTED_INCLUDE_IN_FRAMEWORK_HEADER = YES;
				CLANG_WARN_RANGE_LOOP_ANALYSIS = YES;
				CLANG_WARN_STRICT_PROTOTYPES = YES;
				CLANG_WARN_SUSPICIOUS_MOVE = YES;
				CLANG_WARN_UNGUARDED_AVAILABILITY = YES_AGGRESSIVE;
				CLANG_WARN_UNREACHABLE_CODE = YES;
				CLANG_WARN__DUPLICATE_METHOD_MATCH = YES;
				COPY_PHASE_STRIP = NO;
				DEBUG_INFORMATION_FORMAT = "dwarf-with-dsym";
				ENABLE_NS_ASSERTIONS = NO;
				ENABLE_STRICT_OBJC_MSGSEND = YES;
				GCC_C_LANGUAGE_STANDARD = gnu11;
				GCC_NO_COMMON_BLOCKS = YES;
				GCC_WARN_64_TO_32_BIT_CONVERSION = YES;
				GCC_WARN_ABOUT_RETURN_TYPE = YES_ERROR;
				GCC_WARN_UNDECLARED_SELECTOR = YES;
				GCC_WARN_UNINITIALIZED_AUTOS = YES_AGGRESSIVE;
				GCC_WARN_UNUSED_FUNCTION = YES;
				GCC_WARN_UNUSED_VARIABLE = YES;
				IPHONEOS_DEPLOYMENT_TARGET = 16.2;
				MTL_ENABLE_DEBUG_INFO = NO;
				MTL_FAST_MATH = YES;
				SDKROOT = iphoneos;
				SWIFT_COMPILATION_MODE = wholemodule;
				SWIFT_OPTIMIZATION_LEVEL = "-O";
				VALIDATE_PRODUCT = YES;
			};
			name = Release;
		};
		18C2F8872D84AF0F0066CA1E /* Debug */ = {
			isa = XCBuildConfiguration;
			buildSettings = {
				ASSETCATALOG_COMPILER_APPICON_NAME = AppIcon;
				ASSETCATALOG_COMPILER_GLOBAL_ACCENT_COLOR_NAME = AccentColor;
				CODE_SIGN_STYLE = Automatic;
				CURRENT_PROJECT_VERSION = 1;
				DEVELOPMENT_ASSET_PATHS = "\"NutriSnap2/Preview Content\"";
				DEVELOPMENT_TEAM = CX5THSFF82;
				ENABLE_PREVIEWS = YES;
				GENERATE_INFOPLIST_FILE = YES;
				INFOPLIST_KEY_UIApplicationSceneManifest_Generation = YES;
				INFOPLIST_KEY_UIApplicationSupportsIndirectInputEvents = YES;
				INFOPLIST_KEY_UILaunchScreen_Generation = YES;
				INFOPLIST_KEY_UISupportedInterfaceOrientations_iPad = "UIInterfaceOrientationPortrait UIInterfaceOrientationPortraitUpsideDown UIInterfaceOrientationLandscapeLeft UIInterfaceOrientationLandscapeRight";
				INFOPLIST_KEY_UISupportedInterfaceOrientations_iPhone = "UIInterfaceOrientationPortrait UIInterfaceOrientationLandscapeLeft UIInterfaceOrientationLandscapeRight";
				LD_RUNPATH_SEARCH_PATHS = (
					"$(inherited)",
					"@executable_path/Frameworks",
				);
				MARKETING_VERSION = 1.0;
				PRODUCT_BUNDLE_IDENTIFIER = ca.gbc.game2031.NutriSnap2;
				PRODUCT_NAME = "$(TARGET_NAME)";
				SWIFT_EMIT_LOC_STRINGS = YES;
				SWIFT_VERSION = 5.0;
				TARGETED_DEVICE_FAMILY = "1,2";
			};
			name = Debug;
		};
		18C2F8882D84AF0F0066CA1E /* Release */ = {
			isa = XCBuildConfiguration;
			buildSettings = {
				ASSETCATALOG_COMPILER_APPICON_NAME = AppIcon;
				ASSETCATALOG_COMPILER_GLOBAL_ACCENT_COLOR_NAME = AccentColor;
				CODE_SIGN_STYLE = Automatic;
				CURRENT_PROJECT_VERSION = 1;
				DEVELOPMENT_ASSET_PATHS = "\"NutriSnap2/Preview Content\"";
				DEVELOPMENT_TEAM = CX5THSFF82;
				ENABLE_PREVIEWS = YES;
				GENERATE_INFOPLIST_FILE = YES;
				INFOPLIST_KEY_UIApplicationSceneManifest_Generation = YES;
				INFOPLIST_KEY_UIApplicationSupportsIndirectInputEvents = YES;
				INFOPLIST_KEY_UILaunchScreen_Generation = YES;
				INFOPLIST_KEY_UISupportedInterfaceOrientations_iPad = "UIInterfaceOrientationPortrait UIInterfaceOrientationPortraitUpsideDown UIInterfaceOrientationLandscapeLeft UIInterfaceOrientationLandscapeRight";
				INFOPLIST_KEY_UISupportedInterfaceOrientations_iPhone = "UIInterfaceOrientationPortrait UIInterfaceOrientationLandscapeLeft UIInterfaceOrientationLandscapeRight";
				LD_RUNPATH_SEARCH_PATHS = (
					"$(inherited)",
					"@executable_path/Frameworks",
				);
				MARKETING_VERSION = 1.0;
				PRODUCT_BUNDLE_IDENTIFIER = ca.gbc.game2031.NutriSnap2;
				PRODUCT_NAME = "$(TARGET_NAME)";
				SWIFT_EMIT_LOC_STRINGS = YES;
				SWIFT_VERSION = 5.0;
				TARGETED_DEVICE_FAMILY = "1,2";
			};
			name = Release;
		};
		18C2F88A2D84AF0F0066CA1E /* Debug */ = {
			isa = XCBuildConfiguration;
			buildSettings = {
				ALWAYS_EMBED_SWIFT_STANDARD_LIBRARIES = YES;
				BUNDLE_LOADER = "$(TEST_HOST)";
				CODE_SIGN_STYLE = Automatic;
				CURRENT_PROJECT_VERSION = 1;
				DEVELOPMENT_TEAM = CX5THSFF82;
				GENERATE_INFOPLIST_FILE = YES;
				IPHONEOS_DEPLOYMENT_TARGET = 16.2;
				MARKETING_VERSION = 1.0;
				PRODUCT_BUNDLE_IDENTIFIER = ca.gbc.game2031.NutriSnap2Tests;
				PRODUCT_NAME = "$(TARGET_NAME)";
				SWIFT_EMIT_LOC_STRINGS = NO;
				SWIFT_VERSION = 5.0;
				TARGETED_DEVICE_FAMILY = "1,2";
				TEST_HOST = "$(BUILT_PRODUCTS_DIR)/NutriSnap2.app/$(BUNDLE_EXECUTABLE_FOLDER_PATH)/NutriSnap2";
			};
			name = Debug;
		};
		18C2F88B2D84AF0F0066CA1E /* Release */ = {
			isa = XCBuildConfiguration;
			buildSettings = {
				ALWAYS_EMBED_SWIFT_STANDARD_LIBRARIES = YES;
				BUNDLE_LOADER = "$(TEST_HOST)";
				CODE_SIGN_STYLE = Automatic;
				CURRENT_PROJECT_VERSION = 1;
				DEVELOPMENT_TEAM = CX5THSFF82;
				GENERATE_INFOPLIST_FILE = YES;
				IPHONEOS_DEPLOYMENT_TARGET = 16.2;
				MARKETING_VERSION = 1.0;
				PRODUCT_BUNDLE_IDENTIFIER = ca.gbc.game2031.NutriSnap2Tests;
				PRODUCT_NAME = "$(TARGET_NAME)";
				SWIFT_EMIT_LOC_STRINGS = NO;
				SWIFT_VERSION = 5.0;
				TARGETED_DEVICE_FAMILY = "1,2";
				TEST_HOST = "$(BUILT_PRODUCTS_DIR)/NutriSnap2.app/$(BUNDLE_EXECUTABLE_FOLDER_PATH)/NutriSnap2";
			};
			name = Release;
		};
		18C2F88D2D84AF0F0066CA1E /* Debug */ = {
			isa = XCBuildConfiguration;
			buildSettings = {
				ALWAYS_EMBED_SWIFT_STANDARD_LIBRARIES = YES;
				CODE_SIGN_STYLE = Automatic;
				CURRENT_PROJECT_VERSION = 1;
				DEVELOPMENT_TEAM = CX5THSFF82;
				GENERATE_INFOPLIST_FILE = YES;
				MARKETING_VERSION = 1.0;
				PRODUCT_BUNDLE_IDENTIFIER = ca.gbc.game2031.NutriSnap2UITests;
				PRODUCT_NAME = "$(TARGET_NAME)";
				SWIFT_EMIT_LOC_STRINGS = NO;
				SWIFT_VERSION = 5.0;
				TARGETED_DEVICE_FAMILY = "1,2";
				TEST_TARGET_NAME = NutriSnap2;
			};
			name = Debug;
		};
		18C2F88E2D84AF0F0066CA1E /* Release */ = {
			isa = XCBuildConfiguration;
			buildSettings = {
				ALWAYS_EMBED_SWIFT_STANDARD_LIBRARIES = YES;
				CODE_SIGN_STYLE = Automatic;
				CURRENT_PROJECT_VERSION = 1;
				DEVELOPMENT_TEAM = CX5THSFF82;
				GENERATE_INFOPLIST_FILE = YES;
				MARKETING_VERSION = 1.0;
				PRODUCT_BUNDLE_IDENTIFIER = ca.gbc.game2031.NutriSnap2UITests;
				PRODUCT_NAME = "$(TARGET_NAME)";
				SWIFT_EMIT_LOC_STRINGS = NO;
				SWIFT_VERSION = 5.0;
				TARGETED_DEVICE_FAMILY = "1,2";
				TEST_TARGET_NAME = NutriSnap2;
			};
			name = Release;
		};
/* End XCBuildConfiguration section */

/* Begin XCConfigurationList section */
		18C2F85D2D84AF0D0066CA1E /* Build configuration list for PBXProject "NutriSnap2" */ = {
			isa = XCConfigurationList;
			buildConfigurations = (
				18C2F8842D84AF0F0066CA1E /* Debug */,
				18C2F8852D84AF0F0066CA1E /* Release */,
			);
			defaultConfigurationIsVisible = 0;
			defaultConfigurationName = Release;
		};
		18C2F8862D84AF0F0066CA1E /* Build configuration list for PBXNativeTarget "NutriSnap2" */ = {
			isa = XCConfigurationList;
			buildConfigurations = (
				18C2F8872D84AF0F0066CA1E /* Debug */,
				18C2F8882D84AF0F0066CA1E /* Release */,
			);
			defaultConfigurationIsVisible = 0;
			defaultConfigurationName = Release;
		};
		18C2F8892D84AF0F0066CA1E /* Build configuration list for PBXNativeTarget "NutriSnap2Tests" */ = {
			isa = XCConfigurationList;
			buildConfigurations = (
				18C2F88A2D84AF0F0066CA1E /* Debug */,
				18C2F88B2D84AF0F0066CA1E /* Release */,
			);
			defaultConfigurationIsVisible = 0;
			defaultConfigurationName = Release;
		};
		18C2F88C2D84AF0F0066CA1E /* Build configuration list for PBXNativeTarget "NutriSnap2UITests" */ = {
			isa = XCConfigurationList;
			buildConfigurations = (
				18C2F88D2D84AF0F0066CA1E /* Debug */,
				18C2F88E2D84AF0F0066CA1E /* Release */,
			);
			defaultConfigurationIsVisible = 0;
			defaultConfigurationName = Release;
		};
/* End XCConfigurationList section */

/* Begin XCRemoteSwiftPackageReference section */
		C27F8E762D8932A900BDCDE0 /* XCRemoteSwiftPackageReference "firebase-ios-sdk" */ = {
			isa = XCRemoteSwiftPackageReference;
			repositoryURL = "https://github.com/firebase/firebase-ios-sdk";
			requirement = {
				kind = upToNextMajorVersion;
				minimumVersion = 11.10.0;
			};
		};
		C6A73D572D88BF160059AAD6 /* XCRemoteSwiftPackageReference "realm-swift" */ = {
			isa = XCRemoteSwiftPackageReference;
			repositoryURL = "https://github.com/realm/realm-swift.git";
			requirement = {
				kind = upToNextMajorVersion;
				minimumVersion = 10.42.0;
			};
		};
/* End XCRemoteSwiftPackageReference section */

/* Begin XCSwiftPackageProductDependency section */
		C27F8E772D8932A900BDCDE0 /* FirebaseAnalytics */ = {
			isa = XCSwiftPackageProductDependency;
			package = C27F8E762D8932A900BDCDE0 /* XCRemoteSwiftPackageReference "firebase-ios-sdk" */;
			productName = FirebaseAnalytics;
		};
		C27F8E792D8932A900BDCDE0 /* FirebaseAppCheck */ = {
			isa = XCSwiftPackageProductDependency;
			package = C27F8E762D8932A900BDCDE0 /* XCRemoteSwiftPackageReference "firebase-ios-sdk" */;
			productName = FirebaseAppCheck;
		};
		C6A73D582D88BF160059AAD6 /* RealmSwift */ = {
			isa = XCSwiftPackageProductDependency;
			package = C6A73D572D88BF160059AAD6 /* XCRemoteSwiftPackageReference "realm-swift" */;
			productName = RealmSwift;
		};
/* End XCSwiftPackageProductDependency section */
	};
	rootObject = 18C2F85A2D84AF0D0066CA1E /* Project object */;
}
